// !$*UTF8*$!
{
	archiveVersion = 1;
	classes = {
	};
	objectVersion = 48;
	objects = {

/* Begin PBXBuildFile section */
		9D51761B1FAE7CED00241393 /* AppDelegate.swift in Sources */ = {isa = PBXBuildFile; fileRef = 9D51761A1FAE7CED00241393 /* AppDelegate.swift */; };
		9D51761D1FAE7CED00241393 /* ViewController.swift in Sources */ = {isa = PBXBuildFile; fileRef = 9D51761C1FAE7CED00241393 /* ViewController.swift */; };
		9D5176201FAE7CED00241393 /* Main.storyboard in Resources */ = {isa = PBXBuildFile; fileRef = 9D51761E1FAE7CED00241393 /* Main.storyboard */; };
		9D5176221FAE7CED00241393 /* Assets.xcassets in Resources */ = {isa = PBXBuildFile; fileRef = 9D5176211FAE7CED00241393 /* Assets.xcassets */; };
		9D5176251FAE7CED00241393 /* LaunchScreen.storyboard in Resources */ = {isa = PBXBuildFile; fileRef = 9D5176231FAE7CED00241393 /* LaunchScreen.storyboard */; };
		9D5176301FAE7CED00241393 /* iQuizTests.swift in Sources */ = {isa = PBXBuildFile; fileRef = 9D51762F1FAE7CED00241393 /* iQuizTests.swift */; };
		9D51763B1FAE7CED00241393 /* iQuizUITests.swift in Sources */ = {isa = PBXBuildFile; fileRef = 9D51763A1FAE7CED00241393 /* iQuizUITests.swift */; };
		9D51764B1FAE7F0600241393 /* Quiz.swift in Sources */ = {isa = PBXBuildFile; fileRef = 9D51764A1FAE7F0600241393 /* Quiz.swift */; };
		9D51764D1FAE7F6F00241393 /* Question.swift in Sources */ = {isa = PBXBuildFile; fileRef = 9D51764C1FAE7F6F00241393 /* Question.swift */; };
		9D51764F1FAEA9E000241393 /* QuizCell.swift in Sources */ = {isa = PBXBuildFile; fileRef = 9D51764E1FAEA9E000241393 /* QuizCell.swift */; };
		9D5176511FAEBB7600241393 /* QuizDataSource.swift in Sources */ = {isa = PBXBuildFile; fileRef = 9D5176501FAEBB7500241393 /* QuizDataSource.swift */; };
		9D5176531FB67C6400241393 /* QuestionViewController.swift in Sources */ = {isa = PBXBuildFile; fileRef = 9D5176521FB67C6400241393 /* QuestionViewController.swift */; };
		9D5176551FB67C7300241393 /* AnswerViewController.swift in Sources */ = {isa = PBXBuildFile; fileRef = 9D5176541FB67C7300241393 /* AnswerViewController.swift */; };
		9D959F001FB7D2430003C4F0 /* FinishViewController.swift in Sources */ = {isa = PBXBuildFile; fileRef = 9D959EFF1FB7D2430003C4F0 /* FinishViewController.swift */; };
/* End PBXBuildFile section */

/* Begin PBXContainerItemProxy section */
		9D51762C1FAE7CED00241393 /* PBXContainerItemProxy */ = {
			isa = PBXContainerItemProxy;
			containerPortal = 9D51760F1FAE7CED00241393 /* Project object */;
			proxyType = 1;
			remoteGlobalIDString = 9D5176161FAE7CED00241393;
			remoteInfo = iQuiz;
		};
		9D5176371FAE7CED00241393 /* PBXContainerItemProxy */ = {
			isa = PBXContainerItemProxy;
			containerPortal = 9D51760F1FAE7CED00241393 /* Project object */;
			proxyType = 1;
			remoteGlobalIDString = 9D5176161FAE7CED00241393;
			remoteInfo = iQuiz;
		};
/* End PBXContainerItemProxy section */

/* Begin PBXFileReference section */
		9D5176171FAE7CED00241393 /* iQuiz.app */ = {isa = PBXFileReference; explicitFileType = wrapper.application; includeInIndex = 0; path = iQuiz.app; sourceTree = BUILT_PRODUCTS_DIR; };
		9D51761A1FAE7CED00241393 /* AppDelegate.swift */ = {isa = PBXFileReference; lastKnownFileType = sourcecode.swift; path = AppDelegate.swift; sourceTree = "<group>"; };
		9D51761C1FAE7CED00241393 /* ViewController.swift */ = {isa = PBXFileReference; lastKnownFileType = sourcecode.swift; path = ViewController.swift; sourceTree = "<group>"; };
		9D51761F1FAE7CED00241393 /* Base */ = {isa = PBXFileReference; lastKnownFileType = file.storyboard; name = Base; path = Base.lproj/Main.storyboard; sourceTree = "<group>"; };
		9D5176211FAE7CED00241393 /* Assets.xcassets */ = {isa = PBXFileReference; lastKnownFileType = folder.assetcatalog; path = Assets.xcassets; sourceTree = "<group>"; };
		9D5176241FAE7CED00241393 /* Base */ = {isa = PBXFileReference; lastKnownFileType = file.storyboard; name = Base; path = Base.lproj/LaunchScreen.storyboard; sourceTree = "<group>"; };
		9D5176261FAE7CED00241393 /* Info.plist */ = {isa = PBXFileReference; lastKnownFileType = text.plist.xml; path = Info.plist; sourceTree = "<group>"; };
		9D51762B1FAE7CED00241393 /* iQuizTests.xctest */ = {isa = PBXFileReference; explicitFileType = wrapper.cfbundle; includeInIndex = 0; path = iQuizTests.xctest; sourceTree = BUILT_PRODUCTS_DIR; };
		9D51762F1FAE7CED00241393 /* iQuizTests.swift */ = {isa = PBXFileReference; lastKnownFileType = sourcecode.swift; path = iQuizTests.swift; sourceTree = "<group>"; };
		9D5176311FAE7CED00241393 /* Info.plist */ = {isa = PBXFileReference; lastKnownFileType = text.plist.xml; path = Info.plist; sourceTree = "<group>"; };
		9D5176361FAE7CED00241393 /* iQuizUITests.xctest */ = {isa = PBXFileReference; explicitFileType = wrapper.cfbundle; includeInIndex = 0; path = iQuizUITests.xctest; sourceTree = BUILT_PRODUCTS_DIR; };
		9D51763A1FAE7CED00241393 /* iQuizUITests.swift */ = {isa = PBXFileReference; lastKnownFileType = sourcecode.swift; path = iQuizUITests.swift; sourceTree = "<group>"; };
		9D51763C1FAE7CED00241393 /* Info.plist */ = {isa = PBXFileReference; lastKnownFileType = text.plist.xml; path = Info.plist; sourceTree = "<group>"; };
		9D51764A1FAE7F0600241393 /* Quiz.swift */ = {isa = PBXFileReference; lastKnownFileType = sourcecode.swift; path = Quiz.swift; sourceTree = "<group>"; };
		9D51764C1FAE7F6F00241393 /* Question.swift */ = {isa = PBXFileReference; lastKnownFileType = sourcecode.swift; path = Question.swift; sourceTree = "<group>"; };
		9D51764E1FAEA9E000241393 /* QuizCell.swift */ = {isa = PBXFileReference; lastKnownFileType = sourcecode.swift; path = QuizCell.swift; sourceTree = "<group>"; };
		9D5176501FAEBB7500241393 /* QuizDataSource.swift */ = {isa = PBXFileReference; fileEncoding = 4; lastKnownFileType = sourcecode.swift; path = QuizDataSource.swift; sourceTree = "<group>"; };
		9D5176521FB67C6400241393 /* QuestionViewController.swift */ = {isa = PBXFileReference; lastKnownFileType = sourcecode.swift; path = QuestionViewController.swift; sourceTree = "<group>"; };
		9D5176541FB67C7300241393 /* AnswerViewController.swift */ = {isa = PBXFileReference; lastKnownFileType = sourcecode.swift; path = AnswerViewController.swift; sourceTree = "<group>"; };
		9D959EFF1FB7D2430003C4F0 /* FinishViewController.swift */ = {isa = PBXFileReference; lastKnownFileType = sourcecode.swift; path = FinishViewController.swift; sourceTree = "<group>"; };
/* End PBXFileReference section */

/* Begin PBXFrameworksBuildPhase section */
		9D5176141FAE7CED00241393 /* Frameworks */ = {
			isa = PBXFrameworksBuildPhase;
			buildActionMask = 2147483647;
			files = (
			);
			runOnlyForDeploymentPostprocessing = 0;
		};
		9D5176281FAE7CED00241393 /* Frameworks */ = {
			isa = PBXFrameworksBuildPhase;
			buildActionMask = 2147483647;
			files = (
			);
			runOnlyForDeploymentPostprocessing = 0;
		};
		9D5176331FAE7CED00241393 /* Frameworks */ = {
			isa = PBXFrameworksBuildPhase;
			buildActionMask = 2147483647;
			files = (
			);
			runOnlyForDeploymentPostprocessing = 0;
		};
/* End PBXFrameworksBuildPhase section */

/* Begin PBXGroup section */
		9D51760E1FAE7CED00241393 = {
			isa = PBXGroup;
			children = (
				9D5176191FAE7CED00241393 /* iQuiz */,
				9D51762E1FAE7CED00241393 /* iQuizTests */,
				9D5176391FAE7CED00241393 /* iQuizUITests */,
				9D5176181FAE7CED00241393 /* Products */,
			);
			sourceTree = "<group>";
		};
		9D5176181FAE7CED00241393 /* Products */ = {
			isa = PBXGroup;
			children = (
				9D5176171FAE7CED00241393 /* iQuiz.app */,
				9D51762B1FAE7CED00241393 /* iQuizTests.xctest */,
				9D5176361FAE7CED00241393 /* iQuizUITests.xctest */,
			);
			name = Products;
			sourceTree = "<group>";
		};
		9D5176191FAE7CED00241393 /* iQuiz */ = {
			isa = PBXGroup;
			children = (
				9D51761A1FAE7CED00241393 /* AppDelegate.swift */,
				9D51761C1FAE7CED00241393 /* ViewController.swift */,
				9D51761E1FAE7CED00241393 /* Main.storyboard */,
				9D5176211FAE7CED00241393 /* Assets.xcassets */,
				9D5176231FAE7CED00241393 /* LaunchScreen.storyboard */,
				9D5176261FAE7CED00241393 /* Info.plist */,
				9D51764A1FAE7F0600241393 /* Quiz.swift */,
				9D51764C1FAE7F6F00241393 /* Question.swift */,
				9D5176501FAEBB7500241393 /* QuizDataSource.swift */,
				9D51764E1FAEA9E000241393 /* QuizCell.swift */,
				9D5176521FB67C6400241393 /* QuestionViewController.swift */,
				9D5176541FB67C7300241393 /* AnswerViewController.swift */,
				9D959EFF1FB7D2430003C4F0 /* FinishViewController.swift */,
			);
			path = iQuiz;
			sourceTree = "<group>";
		};
		9D51762E1FAE7CED00241393 /* iQuizTests */ = {
			isa = PBXGroup;
			children = (
				9D51762F1FAE7CED00241393 /* iQuizTests.swift */,
				9D5176311FAE7CED00241393 /* Info.plist */,
			);
			path = iQuizTests;
			sourceTree = "<group>";
		};
		9D5176391FAE7CED00241393 /* iQuizUITests */ = {
			isa = PBXGroup;
			children = (
				9D51763A1FAE7CED00241393 /* iQuizUITests.swift */,
				9D51763C1FAE7CED00241393 /* Info.plist */,
			);
			path = iQuizUITests;
			sourceTree = "<group>";
		};
/* End PBXGroup section */

/* Begin PBXNativeTarget section */
		9D5176161FAE7CED00241393 /* iQuiz */ = {
			isa = PBXNativeTarget;
			buildConfigurationList = 9D51763F1FAE7CED00241393 /* Build configuration list for PBXNativeTarget "iQuiz" */;
			buildPhases = (
				9D5176131FAE7CED00241393 /* Sources */,
				9D5176141FAE7CED00241393 /* Frameworks */,
				9D5176151FAE7CED00241393 /* Resources */,
			);
			buildRules = (
			);
			dependencies = (
			);
			name = iQuiz;
			productName = iQuiz;
			productReference = 9D5176171FAE7CED00241393 /* iQuiz.app */;
			productType = "com.apple.product-type.application";
		};
		9D51762A1FAE7CED00241393 /* iQuizTests */ = {
			isa = PBXNativeTarget;
			buildConfigurationList = 9D5176421FAE7CED00241393 /* Build configuration list for PBXNativeTarget "iQuizTests" */;
			buildPhases = (
				9D5176271FAE7CED00241393 /* Sources */,
				9D5176281FAE7CED00241393 /* Frameworks */,
				9D5176291FAE7CED00241393 /* Resources */,
			);
			buildRules = (
			);
			dependencies = (
				9D51762D1FAE7CED00241393 /* PBXTargetDependency */,
			);
			name = iQuizTests;
			productName = iQuizTests;
			productReference = 9D51762B1FAE7CED00241393 /* iQuizTests.xctest */;
			productType = "com.apple.product-type.bundle.unit-test";
		};
		9D5176351FAE7CED00241393 /* iQuizUITests */ = {
			isa = PBXNativeTarget;
			buildConfigurationList = 9D5176451FAE7CED00241393 /* Build configuration list for PBXNativeTarget "iQuizUITests" */;
			buildPhases = (
				9D5176321FAE7CED00241393 /* Sources */,
				9D5176331FAE7CED00241393 /* Frameworks */,
				9D5176341FAE7CED00241393 /* Resources */,
			);
			buildRules = (
			);
			dependencies = (
				9D5176381FAE7CED00241393 /* PBXTargetDependency */,
			);
			name = iQuizUITests;
			productName = iQuizUITests;
			productReference = 9D5176361FAE7CED00241393 /* iQuizUITests.xctest */;
			productType = "com.apple.product-type.bundle.ui-testing";
		};
/* End PBXNativeTarget section */

/* Begin PBXProject section */
		9D51760F1FAE7CED00241393 /* Project object */ = {
			isa = PBXProject;
			attributes = {
				LastSwiftUpdateCheck = 0900;
				LastUpgradeCheck = 0900;
				ORGANIZATIONNAME = MacroHard;
				TargetAttributes = {
					9D5176161FAE7CED00241393 = {
						CreatedOnToolsVersion = 9.0;
						ProvisioningStyle = Automatic;
					};
					9D51762A1FAE7CED00241393 = {
						CreatedOnToolsVersion = 9.0;
						ProvisioningStyle = Automatic;
						TestTargetID = 9D5176161FAE7CED00241393;
					};
					9D5176351FAE7CED00241393 = {
						CreatedOnToolsVersion = 9.0;
						ProvisioningStyle = Automatic;
						TestTargetID = 9D5176161FAE7CED00241393;
					};
				};
			};
			buildConfigurationList = 9D5176121FAE7CED00241393 /* Build configuration list for PBXProject "iQuiz" */;
			compatibilityVersion = "Xcode 8.0";
			developmentRegion = en;
			hasScannedForEncodings = 0;
			knownRegions = (
				en,
				Base,
			);
			mainGroup = 9D51760E1FAE7CED00241393;
			productRefGroup = 9D5176181FAE7CED00241393 /* Products */;
			projectDirPath = "";
			projectRoot = "";
			targets = (
				9D5176161FAE7CED00241393 /* iQuiz */,
				9D51762A1FAE7CED00241393 /* iQuizTests */,
				9D5176351FAE7CED00241393 /* iQuizUITests */,
			);
		};
/* End PBXProject section */

/* Begin PBXResourcesBuildPhase section */
		9D5176151FAE7CED00241393 /* Resources */ = {
			isa = PBXResourcesBuildPhase;
			buildActionMask = 2147483647;
			files = (
				9D5176251FAE7CED00241393 /* LaunchScreen.storyboard in Resources */,
				9D5176221FAE7CED00241393 /* Assets.xcassets in Resources */,
				9D5176201FAE7CED00241393 /* Main.storyboard in Resources */,
			);
			runOnlyForDeploymentPostprocessing = 0;
		};
		9D5176291FAE7CED00241393 /* Resources */ = {
			isa = PBXResourcesBuildPhase;
			buildActionMask = 2147483647;
			files = (
			);
			runOnlyForDeploymentPostprocessing = 0;
		};
		9D5176341FAE7CED00241393 /* Resources */ = {
			isa = PBXResourcesBuildPhase;
			buildActionMask = 2147483647;
			files = (
			);
			runOnlyForDeploymentPostprocessing = 0;
		};
/* End PBXResourcesBuildPhase section */

/* Begin PBXSourcesBuildPhase section */
		9D5176131FAE7CED00241393 /* Sources */ = {
			isa = PBXSourcesBuildPhase;
			buildActionMask = 2147483647;
			files = (
				9D51764D1FAE7F6F00241393 /* Question.swift in Sources */,
				9D5176511FAEBB7600241393 /* QuizDataSource.swift in Sources */,
				9D959F001FB7D2430003C4F0 /* FinishViewController.swift in Sources */,
				9D5176531FB67C6400241393 /* QuestionViewController.swift in Sources */,
				9D51761D1FAE7CED00241393 /* ViewController.swift in Sources */,
				9D5176551FB67C7300241393 /* AnswerViewController.swift in Sources */,
				9D51764B1FAE7F0600241393 /* Quiz.swift in Sources */,
				9D51764F1FAEA9E000241393 /* QuizCell.swift in Sources */,
				9D51761B1FAE7CED00241393 /* AppDelegate.swift in Sources */,
			);
			runOnlyForDeploymentPostprocessing = 0;
		};
		9D5176271FAE7CED00241393 /* Sources */ = {
			isa = PBXSourcesBuildPhase;
			buildActionMask = 2147483647;
			files = (
				9D5176301FAE7CED00241393 /* iQuizTests.swift in Sources */,
			);
			runOnlyForDeploymentPostprocessing = 0;
		};
		9D5176321FAE7CED00241393 /* Sources */ = {
			isa = PBXSourcesBuildPhase;
			buildActionMask = 2147483647;
			files = (
				9D51763B1FAE7CED00241393 /* iQuizUITests.swift in Sources */,
			);
			runOnlyForDeploymentPostprocessing = 0;
		};
/* End PBXSourcesBuildPhase section */

/* Begin PBXTargetDependency section */
		9D51762D1FAE7CED00241393 /* PBXTargetDependency */ = {
			isa = PBXTargetDependency;
			target = 9D5176161FAE7CED00241393 /* iQuiz */;
			targetProxy = 9D51762C1FAE7CED00241393 /* PBXContainerItemProxy */;
		};
		9D5176381FAE7CED00241393 /* PBXTargetDependency */ = {
			isa = PBXTargetDependency;
			target = 9D5176161FAE7CED00241393 /* iQuiz */;
			targetProxy = 9D5176371FAE7CED00241393 /* PBXContainerItemProxy */;
		};
/* End PBXTargetDependency section */

/* Begin PBXVariantGroup section */
		9D51761E1FAE7CED00241393 /* Main.storyboard */ = {
			isa = PBXVariantGroup;
			children = (
				9D51761F1FAE7CED00241393 /* Base */,
			);
			name = Main.storyboard;
			sourceTree = "<group>";
		};
		9D5176231FAE7CED00241393 /* LaunchScreen.storyboard */ = {
			isa = PBXVariantGroup;
			children = (
				9D5176241FAE7CED00241393 /* Base */,
			);
			name = LaunchScreen.storyboard;
			sourceTree = "<group>";
		};
/* End PBXVariantGroup section */

/* Begin XCBuildConfiguration section */
		9D51763D1FAE7CED00241393 /* Debug */ = {
			isa = XCBuildConfiguration;
			buildSettings = {
				ALWAYS_SEARCH_USER_PATHS = NO;
				CLANG_ANALYZER_NONNULL = YES;
				CLANG_ANALYZER_NUMBER_OBJECT_CONVERSION = YES_AGGRESSIVE;
				CLANG_CXX_LANGUAGE_STANDARD = "gnu++14";
				CLANG_CXX_LIBRARY = "libc++";
				CLANG_ENABLE_MODULES = YES;
				CLANG_ENABLE_OBJC_ARC = YES;
				CLANG_WARN_BLOCK_CAPTURE_AUTORELEASING = YES;
				CLANG_WARN_BOOL_CONVERSION = YES;
				CLANG_WARN_COMMA = YES;
				CLANG_WARN_CONSTANT_CONVERSION = YES;
				CLANG_WARN_DIRECT_OBJC_ISA_USAGE = YES_ERROR;
				CLANG_WARN_DOCUMENTATION_COMMENTS = YES;
				CLANG_WARN_EMPTY_BODY = YES;
				CLANG_WARN_ENUM_CONVERSION = YES;
				CLANG_WARN_INFINITE_RECURSION = YES;
				CLANG_WARN_INT_CONVERSION = YES;
				CLANG_WARN_NON_LITERAL_NULL_CONVERSION = YES;
				CLANG_WARN_OBJC_LITERAL_CONVERSION = YES;
				CLANG_WARN_OBJC_ROOT_CLASS = YES_ERROR;
				CLANG_WARN_RANGE_LOOP_ANALYSIS = YES;
				CLANG_WARN_STRICT_PROTOTYPES = YES;
				CLANG_WARN_SUSPICIOUS_MOVE = YES;
				CLANG_WARN_UNGUARDED_AVAILABILITY = YES_AGGRESSIVE;
				CLANG_WARN_UNREACHABLE_CODE = YES;
				CLANG_WARN__DUPLICATE_METHOD_MATCH = YES;
				CODE_SIGN_IDENTITY = "iPhone Developer";
				COPY_PHASE_STRIP = NO;
				DEBUG_INFORMATION_FORMAT = dwarf;
				ENABLE_STRICT_OBJC_MSGSEND = YES;
				ENABLE_TESTABILITY = YES;
				GCC_C_LANGUAGE_STANDARD = gnu11;
				GCC_DYNAMIC_NO_PIC = NO;
				GCC_NO_COMMON_BLOCKS = YES;
				GCC_OPTIMIZATION_LEVEL = 0;
				GCC_PREPROCESSOR_DEFINITIONS = (
					"DEBUG=1",
					"$(inherited)",
				);
				GCC_WARN_64_TO_32_BIT_CONVERSION = YES;
				GCC_WARN_ABOUT_RETURN_TYPE = YES_ERROR;
				GCC_WARN_UNDECLARED_SELECTOR = YES;
				GCC_WARN_UNINITIALIZED_AUTOS = YES_AGGRESSIVE;
				GCC_WARN_UNUSED_FUNCTION = YES;
				GCC_WARN_UNUSED_VARIABLE = YES;
				IPHONEOS_DEPLOYMENT_TARGET = 11.0;
				MTL_ENABLE_DEBUG_INFO = YES;
				ONLY_ACTIVE_ARCH = YES;
				SDKROOT = iphoneos;
				SWIFT_ACTIVE_COMPILATION_CONDITIONS = DEBUG;
				SWIFT_OPTIMIZATION_LEVEL = "-Onone";
			};
			name = Debug;
		};
		9D51763E1FAE7CED00241393 /* Release */ = {
			isa = XCBuildConfiguration;
			buildSettings = {
				ALWAYS_SEARCH_USER_PATHS = NO;
				CLANG_ANALYZER_NONNULL = YES;
				CLANG_ANALYZER_NUMBER_OBJECT_CONVERSION = YES_AGGRESSIVE;
				CLANG_CXX_LANGUAGE_STANDARD = "gnu++14";
				CLANG_CXX_LIBRARY = "libc++";
				CLANG_ENABLE_MODULES = YES;
				CLANG_ENABLE_OBJC_ARC = YES;
				CLANG_WARN_BLOCK_CAPTURE_AUTORELEASING = YES;
				CLANG_WARN_BOOL_CONVERSION = YES;
				CLANG_WARN_COMMA = YES;
				CLANG_WARN_CONSTANT_CONVERSION = YES;
				CLANG_WARN_DIRECT_OBJC_ISA_USAGE = YES_ERROR;
				CLANG_WARN_DOCUMENTATION_COMMENTS = YES;
				CLANG_WARN_EMPTY_BODY = YES;
				CLANG_WARN_ENUM_CONVERSION = YES;
				CLANG_WARN_INFINITE_RECURSION = YES;
				CLANG_WARN_INT_CONVERSION = YES;
				CLANG_WARN_NON_LITERAL_NULL_CONVERSION = YES;
				CLANG_WARN_OBJC_LITERAL_CONVERSION = YES;
				CLANG_WARN_OBJC_ROOT_CLASS = YES_ERROR;
				CLANG_WARN_RANGE_LOOP_ANALYSIS = YES;
				CLANG_WARN_STRICT_PROTOTYPES = YES;
				CLANG_WARN_SUSPICIOUS_MOVE = YES;
				CLANG_WARN_UNGUARDED_AVAILABILITY = YES_AGGRESSIVE;
				CLANG_WARN_UNREACHABLE_CODE = YES;
				CLANG_WARN__DUPLICATE_METHOD_MATCH = YES;
				CODE_SIGN_IDENTITY = "iPhone Developer";
				COPY_PHASE_STRIP = NO;
				DEBUG_INFORMATION_FORMAT = "dwarf-with-dsym";
				ENABLE_NS_ASSERTIONS = NO;
				ENABLE_STRICT_OBJC_MSGSEND = YES;
				GCC_C_LANGUAGE_STANDARD = gnu11;
				GCC_NO_COMMON_BLOCKS = YES;
				GCC_WARN_64_TO_32_BIT_CONVERSION = YES;
				GCC_WARN_ABOUT_RETURN_TYPE = YES_ERROR;
				GCC_WARN_UNDECLARED_SELECTOR = YES;
				GCC_WARN_UNINITIALIZED_AUTOS = YES_AGGRESSIVE;
				GCC_WARN_UNUSED_FUNCTION = YES;
				GCC_WARN_UNUSED_VARIABLE = YES;
				IPHONEOS_DEPLOYMENT_TARGET = 11.0;
				MTL_ENABLE_DEBUG_INFO = NO;
				SDKROOT = iphoneos;
				SWIFT_OPTIMIZATION_LEVEL = "-Owholemodule";
				VALIDATE_PRODUCT = YES;
			};
			name = Release;
		};
		9D5176401FAE7CED00241393 /* Debug */ = {
			isa = XCBuildConfiguration;
			buildSettings = {
				ASSETCATALOG_COMPILER_APPICON_NAME = AppIcon;
				CODE_SIGN_STYLE = Automatic;
				INFOPLIST_FILE = iQuiz/Info.plist;
				LD_RUNPATH_SEARCH_PATHS = "$(inherited) @executable_path/Frameworks";
				PRODUCT_BUNDLE_IDENTIFIER = com.github.zachbryant.iQuiz;
				PRODUCT_NAME = "$(TARGET_NAME)";
				SWIFT_VERSION = 4.0;
				TARGETED_DEVICE_FAMILY = "1,2";
			};
			name = Debug;
		};
		9D5176411FAE7CED00241393 /* Release */ = {
			isa = XCBuildConfiguration;
			buildSettings = {
				ASSETCATALOG_COMPILER_APPICON_NAME = AppIcon;
				CODE_SIGN_STYLE = Automatic;
				INFOPLIST_FILE = iQuiz/Info.plist;
				LD_RUNPATH_SEARCH_PATHS = "$(inherited) @executable_path/Frameworks";
				PRODUCT_BUNDLE_IDENTIFIER = com.github.zachbryant.iQuiz;
				PRODUCT_NAME = "$(TARGET_NAME)";
				SWIFT_VERSION = 4.0;
				TARGETED_DEVICE_FAMILY = "1,2";
			};
			name = Release;
		};
		9D5176431FAE7CED00241393 /* Debug */ = {
			isa = XCBuildConfiguration;
			buildSettings = {
				ALWAYS_EMBED_SWIFT_STANDARD_LIBRARIES = YES;
				BUNDLE_LOADER = "$(TEST_HOST)";
				CODE_SIGN_STYLE = Automatic;
				INFOPLIST_FILE = iQuizTests/Info.plist;
				LD_RUNPATH_SEARCH_PATHS = "$(inherited) @executable_path/Frameworks @loader_path/Frameworks";
				PRODUCT_BUNDLE_IDENTIFIER = com.github.zachbryant.iQuizTests;
				PRODUCT_NAME = "$(TARGET_NAME)";
				SWIFT_VERSION = 4.0;
				TARGETED_DEVICE_FAMILY = "1,2";
				TEST_HOST = "$(BUILT_PRODUCTS_DIR)/iQuiz.app/iQuiz";
			};
			name = Debug;
		};
		9D5176441FAE7CED00241393 /* Release */ = {
			isa = XCBuildConfiguration;
			buildSettings = {
				ALWAYS_EMBED_SWIFT_STANDARD_LIBRARIES = YES;
				BUNDLE_LOADER = "$(TEST_HOST)";
				CODE_SIGN_STYLE = Automatic;
				INFOPLIST_FILE = iQuizTests/Info.plist;
				LD_RUNPATH_SEARCH_PATHS = "$(inherited) @executable_path/Frameworks @loader_path/Frameworks";
				PRODUCT_BUNDLE_IDENTIFIER = com.github.zachbryant.iQuizTests;
				PRODUCT_NAME = "$(TARGET_NAME)";
				SWIFT_VERSION = 4.0;
				TARGETED_DEVICE_FAMILY = "1,2";
				TEST_HOST = "$(BUILT_PRODUCTS_DIR)/iQuiz.app/iQuiz";
			};
			name = Release;
		};
		9D5176461FAE7CED00241393 /* Debug */ = {
			isa = XCBuildConfiguration;
			buildSettings = {
				ALWAYS_EMBED_SWIFT_STANDARD_LIBRARIES = YES;
				CODE_SIGN_STYLE = Automatic;
				INFOPLIST_FILE = iQuizUITests/Info.plist;
				LD_RUNPATH_SEARCH_PATHS = "$(inherited) @executable_path/Frameworks @loader_path/Frameworks";
				PRODUCT_BUNDLE_IDENTIFIER = com.github.zachbryant.iQuizUITests;
				PRODUCT_NAME = "$(TARGET_NAME)";
				SWIFT_VERSION = 4.0;
				TARGETED_DEVICE_FAMILY = "1,2";
				TEST_TARGET_NAME = iQuiz;
			};
			name = Debug;
		};
		9D5176471FAE7CED00241393 /* Release */ = {
			isa = XCBuildConfiguration;
			buildSettings = {
				ALWAYS_EMBED_SWIFT_STANDARD_LIBRARIES = YES;
				CODE_SIGN_STYLE = Automatic;
				INFOPLIST_FILE = iQuizUITests/Info.plist;
				LD_RUNPATH_SEARCH_PATHS = "$(inherited) @executable_path/Frameworks @loader_path/Frameworks";
				PRODUCT_BUNDLE_IDENTIFIER = com.github.zachbryant.iQuizUITests;
				PRODUCT_NAME = "$(TARGET_NAME)";
				SWIFT_VERSION = 4.0;
				TARGETED_DEVICE_FAMILY = "1,2";
				TEST_TARGET_NAME = iQuiz;
			};
			name = Release;
		};
/* End XCBuildConfiguration section */

/* Begin XCConfigurationList section */
		9D5176121FAE7CED00241393 /* Build configuration list for PBXProject "iQuiz" */ = {
			isa = XCConfigurationList;
			buildConfigurations = (
				9D51763D1FAE7CED00241393 /* Debug */,
				9D51763E1FAE7CED00241393 /* Release */,
			);
			defaultConfigurationIsVisible = 0;
			defaultConfigurationName = Release;
		};
		9D51763F1FAE7CED00241393 /* Build configuration list for PBXNativeTarget "iQuiz" */ = {
			isa = XCConfigurationList;
			buildConfigurations = (
				9D5176401FAE7CED00241393 /* Debug */,
				9D5176411FAE7CED00241393 /* Release */,
			);
			defaultConfigurationIsVisible = 0;
			defaultConfigurationName = Release;
		};
		9D5176421FAE7CED00241393 /* Build configuration list for PBXNativeTarget "iQuizTests" */ = {
			isa = XCConfigurationList;
			buildConfigurations = (
				9D5176431FAE7CED00241393 /* Debug */,
				9D5176441FAE7CED00241393 /* Release */,
			);
			defaultConfigurationIsVisible = 0;
			defaultConfigurationName = Release;
		};
		9D5176451FAE7CED00241393 /* Build configuration list for PBXNativeTarget "iQuizUITests" */ = {
			isa = XCConfigurationList;
			buildConfigurations = (
				9D5176461FAE7CED00241393 /* Debug */,
				9D5176471FAE7CED00241393 /* Release */,
			);
			defaultConfigurationIsVisible = 0;
			defaultConfigurationName = Release;
		};
/* End XCConfigurationList section */
	};
	rootObject = 9D51760F1FAE7CED00241393 /* Project object */;
}
